
Microsoft Visual Studio Solution File, Format Version 12.00
# Visual Studio 2012
Project("{FAE04EC0-301F-11D3-BF4B-00C04F79EFBC}") = "HLTVDownloader", "HLTVDownloader\HLTVDownloader.csproj", "{E1CA78F6-2C2E-4046-8EA9-7A3ADAF73610}"
EndProject
Project("{FAE04EC0-301F-11D3-BF4B-00C04F79EFBC}") = "Pagansoft.Aria2", "Pagansoft.Aria2\Pagansoft.Aria2.csproj", "{981868A9-275A-4139-8DC7-13CEFCC13BAA}"
EndProject
Project("{FAE04EC0-301F-11D3-BF4B-00C04F79EFBC}") = "Pagansoft.Aria2.Test", "Pagansoft.Aria2.Test\Pagansoft.Aria2.Test.csproj", "{EBDFC58B-4347-4C46-AF7F-9600918EA12E}"
EndProject
Project("{FAE04EC0-301F-11D3-BF4B-00C04F79EFBC}") = "Pagansoft.Aria2.Interfaces", "Pagansoft.Aria2.Interfaces\Pagansoft.Aria2.Interfaces.csproj", "{1B6E9A56-71A9-4580-8243-7B498B39DF56}"
EndProject
Project("{FAE04EC0-301F-11D3-BF4B-00C04F79EFBC}") = "Pagansoft.Homeload.Test", "Pagansoft.Homeload.Test\Pagansoft.Homeload.Test.csproj", "{49435FE2-1B8E-416A-9ADC-5C76F8A95FF9}"
EndProject
Project("{FAE04EC0-301F-11D3-BF4B-00C04F79EFBC}") = "Pagansoft.Homeload", "Pagansoft.Homeload\Pagansoft.Homeload.csproj", "{14FF18DC-0CB3-42DA-8324-D5CCCD1A2236}"
EndProject
Global
	GlobalSection(SolutionConfigurationPlatforms) = preSolution
		Debug|x86 = Debug|x86
		Release|x86 = Release|x86
	EndGlobalSection
	GlobalSection(ProjectConfigurationPlatforms) = postSolution
		{14FF18DC-0CB3-42DA-8324-D5CCCD1A2236}.Debug|x86.ActiveCfg = Debug|Any CPU
		{14FF18DC-0CB3-42DA-8324-D5CCCD1A2236}.Debug|x86.Build.0 = Debug|Any CPU
		{14FF18DC-0CB3-42DA-8324-D5CCCD1A2236}.Release|x86.ActiveCfg = Release|Any CPU
		{14FF18DC-0CB3-42DA-8324-D5CCCD1A2236}.Release|x86.Build.0 = Release|Any CPU
		{1B6E9A56-71A9-4580-8243-7B498B39DF56}.Debug|x86.ActiveCfg = Debug|Any CPU
		{1B6E9A56-71A9-4580-8243-7B498B39DF56}.Debug|x86.Build.0 = Debug|Any CPU
		{1B6E9A56-71A9-4580-8243-7B498B39DF56}.Release|x86.ActiveCfg = Release|Any CPU
		{1B6E9A56-71A9-4580-8243-7B498B39DF56}.Release|x86.Build.0 = Release|Any CPU
		{49435FE2-1B8E-416A-9ADC-5C76F8A95FF9}.Debug|x86.ActiveCfg = Debug|Any CPU
		{49435FE2-1B8E-416A-9ADC-5C76F8A95FF9}.Debug|x86.Build.0 = Debug|Any CPU
		{49435FE2-1B8E-416A-9ADC-5C76F8A95FF9}.Release|x86.ActiveCfg = Release|Any CPU
		{49435FE2-1B8E-416A-9ADC-5C76F8A95FF9}.Release|x86.Build.0 = Release|Any CPU
		{981868A9-275A-4139-8DC7-13CEFCC13BAA}.Debug|x86.ActiveCfg = Debug|Any CPU
		{981868A9-275A-4139-8DC7-13CEFCC13BAA}.Debug|x86.Build.0 = Debug|Any CPU
		{981868A9-275A-4139-8DC7-13CEFCC13BAA}.Release|x86.ActiveCfg = Release|Any CPU
		{981868A9-275A-4139-8DC7-13CEFCC13BAA}.Release|x86.Build.0 = Release|Any CPU
		{E1CA78F6-2C2E-4046-8EA9-7A3ADAF73610}.Debug|x86.ActiveCfg = Debug|x86
		{E1CA78F6-2C2E-4046-8EA9-7A3ADAF73610}.Debug|x86.Build.0 = Debug|x86
		{E1CA78F6-2C2E-4046-8EA9-7A3ADAF73610}.Release|x86.ActiveCfg = Release|x86
		{E1CA78F6-2C2E-4046-8EA9-7A3ADAF73610}.Release|x86.Build.0 = Release|x86
		{EBDFC58B-4347-4C46-AF7F-9600918EA12E}.Debug|x86.ActiveCfg = Debug|Any CPU
		{EBDFC58B-4347-4C46-AF7F-9600918EA12E}.Debug|x86.Build.0 = Debug|Any CPU
		{EBDFC58B-4347-4C46-AF7F-9600918EA12E}.Release|x86.ActiveCfg = Release|Any CPU
		{EBDFC58B-4347-4C46-AF7F-9600918EA12E}.Release|x86.Build.0 = Release|Any CPU
	EndGlobalSection
	GlobalSection(MonoDevelopProperties) = preSolution
		StartupItem = Pagansoft.Aria2.Test\Pagansoft.Aria2.Test.csproj
	EndGlobalSection
EndGlobal
